// !$*UTF8*$!
{
	archiveVersion = 1;
	classes = {
	};
	objectVersion = 46;
	objects = {

/* Begin PBXBuildFile section */
		1E198185194149F500E702C4 /* Script.swift in Sources */ = {isa = PBXBuildFile; fileRef = 1E198184194149F500E702C4 /* Script.swift */; };
		1E1ADD9419440DEC0008F205 /* Value.swift in Sources */ = {isa = PBXBuildFile; fileRef = 1E1ADD9319440DEC0008F205 /* Value.swift */; };
		1E1ADD96194519B20008F205 /* Fraction.swift in Sources */ = {isa = PBXBuildFile; fileRef = 1E1ADD95194519B20008F205 /* Fraction.swift */; };
		1E1ADD9819451E090008F205 /* Error.swift in Sources */ = {isa = PBXBuildFile; fileRef = 1E1ADD9719451E090008F205 /* Error.swift */; };
		1E1ADD9A194520370008F205 /* Context.swift in Sources */ = {isa = PBXBuildFile; fileRef = 1E1ADD99194520370008F205 /* Context.swift */; };
		1E1ADD9C194524E10008F205 /* Expression.swift in Sources */ = {isa = PBXBuildFile; fileRef = 1E1ADD9B194524E10008F205 /* Expression.swift */; };
		1E1ADD9E194534D00008F205 /* Variable.swift in Sources */ = {isa = PBXBuildFile; fileRef = 1E1ADD9D194534D00008F205 /* Variable.swift */; };
		1EF89777193FE90800E47F03 /* main.swift in Sources */ = {isa = PBXBuildFile; fileRef = 1EF89776193FE90800E47F03 /* main.swift */; };
/* End PBXBuildFile section */

/* Begin PBXCopyFilesBuildPhase section */
		1EF89771193FE90800E47F03 /* CopyFiles */ = {
			isa = PBXCopyFilesBuildPhase;
			buildActionMask = 2147483647;
			dstPath = /usr/share/man/man1/;
			dstSubfolderSpec = 0;
			files = (
			);
			runOnlyForDeploymentPostprocessing = 1;
		};
/* End PBXCopyFilesBuildPhase section */

/* Begin PBXFileReference section */
		1E198184194149F500E702C4 /* Script.swift */ = {isa = PBXFileReference; fileEncoding = 4; lastKnownFileType = sourcecode.swift; path = Script.swift; sourceTree = "<group>"; };
		1E1ADD9319440DEC0008F205 /* Value.swift */ = {isa = PBXFileReference; fileEncoding = 4; lastKnownFileType = sourcecode.swift; path = Value.swift; sourceTree = "<group>"; };
		1E1ADD95194519B20008F205 /* Fraction.swift */ = {isa = PBXFileReference; fileEncoding = 4; lastKnownFileType = sourcecode.swift; path = Fraction.swift; sourceTree = "<group>"; };
		1E1ADD9719451E090008F205 /* Error.swift */ = {isa = PBXFileReference; fileEncoding = 4; lastKnownFileType = sourcecode.swift; path = Error.swift; sourceTree = "<group>"; };
		1E1ADD99194520370008F205 /* Context.swift */ = {isa = PBXFileReference; fileEncoding = 4; lastKnownFileType = sourcecode.swift; path = Context.swift; sourceTree = "<group>"; };
		1E1ADD9B194524E10008F205 /* Expression.swift */ = {isa = PBXFileReference; fileEncoding = 4; lastKnownFileType = sourcecode.swift; path = Expression.swift; sourceTree = "<group>"; };
		1E1ADD9D194534D00008F205 /* Variable.swift */ = {isa = PBXFileReference; fileEncoding = 4; lastKnownFileType = sourcecode.swift; path = Variable.swift; sourceTree = "<group>"; };
		1EF89773193FE90800E47F03 /* SwiftCalc */ = {isa = PBXFileReference; explicitFileType = "compiled.mach-o.executable"; includeInIndex = 0; path = SwiftCalc; sourceTree = BUILT_PRODUCTS_DIR; };
		1EF89776193FE90800E47F03 /* main.swift */ = {isa = PBXFileReference; lastKnownFileType = sourcecode.swift; path = main.swift; sourceTree = "<group>"; };
		1EF89780193FEB9400E47F03 /* SwiftCalc-Bridging-Header.h */ = {isa = PBXFileReference; lastKnownFileType = sourcecode.c.h; name = "SwiftCalc-Bridging-Header.h"; path = "SwiftCalc/SwiftCalc-Bridging-Header.h"; sourceTree = "<group>"; };
/* End PBXFileReference section */

/* Begin PBXFrameworksBuildPhase section */
		1EF89770193FE90800E47F03 /* Frameworks */ = {
			isa = PBXFrameworksBuildPhase;
			buildActionMask = 2147483647;
			files = (
			);
			runOnlyForDeploymentPostprocessing = 0;
		};
/* End PBXFrameworksBuildPhase section */

/* Begin PBXGroup section */
		1EF8976A193FE90800E47F03 = {
			isa = PBXGroup;
			children = (
				1EF89775193FE90800E47F03 /* SwiftCalc */,
				1EF89774193FE90800E47F03 /* Products */,
			);
			sourceTree = "<group>";
		};
		1EF89774193FE90800E47F03 /* Products */ = {
			isa = PBXGroup;
			children = (
				1EF89773193FE90800E47F03 /* SwiftCalc */,
			);
			name = Products;
			sourceTree = "<group>";
		};
		1EF89775193FE90800E47F03 /* SwiftCalc */ = {
			isa = PBXGroup;
			children = (
				1EF89776193FE90800E47F03 /* main.swift */,
				1EF89783193FEBA300E47F03 /* Supporting Files */,
				1E198184194149F500E702C4 /* Script.swift */,
				1E1ADD99194520370008F205 /* Context.swift */,
				1E1ADD9319440DEC0008F205 /* Value.swift */,
				1E1ADD95194519B20008F205 /* Fraction.swift */,
				1E1ADD9719451E090008F205 /* Error.swift */,
				1E1ADD9B194524E10008F205 /* Expression.swift */,
				1E1ADD9D194534D00008F205 /* Variable.swift */,
			);
			path = SwiftCalc;
			sourceTree = "<group>";
		};
		1EF89783193FEBA300E47F03 /* Supporting Files */ = {
			isa = PBXGroup;
			children = (
				1EF89780193FEB9400E47F03 /* SwiftCalc-Bridging-Header.h */,
			);
			name = "Supporting Files";
			path = ..;
			sourceTree = "<group>";
		};
/* End PBXGroup section */

/* Begin PBXNativeTarget section */
		1EF89772193FE90800E47F03 /* SwiftCalc */ = {
			isa = PBXNativeTarget;
			buildConfigurationList = 1EF8977A193FE90800E47F03 /* Build configuration list for PBXNativeTarget "SwiftCalc" */;
			buildPhases = (
				1EF8976F193FE90800E47F03 /* Sources */,
				1EF89770193FE90800E47F03 /* Frameworks */,
				1EF89771193FE90800E47F03 /* CopyFiles */,
			);
			buildRules = (
			);
			dependencies = (
			);
			name = SwiftCalc;
			productName = SwiftCalc;
			productReference = 1EF89773193FE90800E47F03 /* SwiftCalc */;
			productType = "com.apple.product-type.tool";
		};
/* End PBXNativeTarget section */

/* Begin PBXProject section */
		1EF8976B193FE90800E47F03 /* Project object */ = {
			isa = PBXProject;
			attributes = {
				LastUpgradeCheck = 0600;
				ORGANIZATIONNAME = "Silas Schwarz";
				TargetAttributes = {
					1EF89772193FE90800E47F03 = {
						CreatedOnToolsVersion = 6.0;
					};
				};
			};
			buildConfigurationList = 1EF8976E193FE90800E47F03 /* Build configuration list for PBXProject "SwiftCalc" */;
			compatibilityVersion = "Xcode 3.2";
			developmentRegion = English;
			hasScannedForEncodings = 0;
			knownRegions = (
				en,
			);
			mainGroup = 1EF8976A193FE90800E47F03;
			productRefGroup = 1EF89774193FE90800E47F03 /* Products */;
			projectDirPath = "";
			projectRoot = "";
			targets = (
				1EF89772193FE90800E47F03 /* SwiftCalc */,
			);
		};
/* End PBXProject section */

/* Begin PBXSourcesBuildPhase section */
		1EF8976F193FE90800E47F03 /* Sources */ = {
			isa = PBXSourcesBuildPhase;
			buildActionMask = 2147483647;
			files = (
				1E198185194149F500E702C4 /* Script.swift in Sources */,
				1EF89777193FE90800E47F03 /* main.swift in Sources */,
				1E1ADD9419440DEC0008F205 /* Value.swift in Sources */,
				1E1ADD9A194520370008F205 /* Context.swift in Sources */,
				1E1ADD9819451E090008F205 /* Error.swift in Sources */,
				1E1ADD9C194524E10008F205 /* Expression.swift in Sources */,
				1E1ADD96194519B20008F205 /* Fraction.swift in Sources */,
				1E1ADD9E194534D00008F205 /* Variable.swift in Sources */,
			);
			runOnlyForDeploymentPostprocessing = 0;
		};
/* End PBXSourcesBuildPhase section */

/* Begin XCBuildConfiguration section */
		1EF89778193FE90800E47F03 /* Debug */ = {
			isa = XCBuildConfiguration;
			buildSettings = {
				ALWAYS_SEARCH_USER_PATHS = NO;
				CLANG_CXX_LANGUAGE_STANDARD = "gnu++0x";
				CLANG_CXX_LIBRARY = "libc++";
				CLANG_ENABLE_MODULES = YES;
				CLANG_ENABLE_OBJC_ARC = YES;
				CLANG_WARN_BOOL_CONVERSION = YES;
				CLANG_WARN_CONSTANT_CONVERSION = YES;
				CLANG_WARN_DIRECT_OBJC_ISA_USAGE = YES_ERROR;
				CLANG_WARN_EMPTY_BODY = YES;
				CLANG_WARN_ENUM_CONVERSION = YES;
				CLANG_WARN_INT_CONVERSION = YES;
				CLANG_WARN_OBJC_ROOT_CLASS = YES_ERROR;
				CLANG_WARN_UNREACHABLE_CODE = YES;
				CLANG_WARN__DUPLICATE_METHOD_MATCH = YES;
				COPY_PHASE_STRIP = NO;
				ENABLE_STRICT_OBJC_MSGSEND = YES;
				GCC_C_LANGUAGE_STANDARD = gnu99;
				GCC_DYNAMIC_NO_PIC = NO;
				GCC_OPTIMIZATION_LEVEL = 0;
				GCC_PREPROCESSOR_DEFINITIONS = (
					"DEBUG=1",
					"$(inherited)",
				);
				GCC_SYMBOLS_PRIVATE_EXTERN = NO;
				GCC_WARN_64_TO_32_BIT_CONVERSION = YES;
				GCC_WARN_ABOUT_RETURN_TYPE = YES_ERROR;
				GCC_WARN_UNDECLARED_SELECTOR = YES;
				GCC_WARN_UNINITIALIZED_AUTOS = YES_AGGRESSIVE;
				GCC_WARN_UNUSED_FUNCTION = YES;
				GCC_WARN_UNUSED_VARIABLE = YES;
				MACOSX_DEPLOYMENT_TARGET = 10.10;
				METAL_ENABLE_DEBUG_INFO = YES;
				ONLY_ACTIVE_ARCH = YES;
				SDKROOT = macosx;
				SWIFT_OPTIMIZATION_LEVEL = "-Onone";
			};
			name = Debug;
		};
		1EF89779193FE90800E47F03 /* Release */ = {
			isa = XCBuildConfiguration;
			buildSettings = {
				ALWAYS_SEARCH_USER_PATHS = NO;
				CLANG_CXX_LANGUAGE_STANDARD = "gnu++0x";
				CLANG_CXX_LIBRARY = "libc++";
				CLANG_ENABLE_MODULES = YES;
				CLANG_ENABLE_OBJC_ARC = YES;
				CLANG_WARN_BOOL_CONVERSION = YES;
				CLANG_WARN_CONSTANT_CONVERSION = YES;
				CLANG_WARN_DIRECT_OBJC_ISA_USAGE = YES_ERROR;
				CLANG_WARN_EMPTY_BODY = YES;
				CLANG_WARN_ENUM_CONVERSION = YES;
				CLANG_WARN_INT_CONVERSION = YES;
				CLANG_WARN_OBJC_ROOT_CLASS = YES_ERROR;
				CLANG_WARN_UNREACHABLE_CODE = YES;
				CLANG_WARN__DUPLICATE_METHOD_MATCH = YES;
				COPY_PHASE_STRIP = YES;
				DEBUG_INFORMATION_FORMAT = "dwarf-with-dsym";
				ENABLE_NS_ASSERTIONS = NO;
				ENABLE_STRICT_OBJC_MSGSEND = YES;
				GCC_C_LANGUAGE_STANDARD = gnu99;
				GCC_WARN_64_TO_32_BIT_CONVERSION = YES;
				GCC_WARN_ABOUT_RETURN_TYPE = YES_ERROR;
				GCC_WARN_UNDECLARED_SELECTOR = YES;
				GCC_WARN_UNINITIALIZED_AUTOS = YES_AGGRESSIVE;
				GCC_WARN_UNUSED_FUNCTION = YES;
				GCC_WARN_UNUSED_VARIABLE = YES;
				MACOSX_DEPLOYMENT_TARGET = 10.10;
				METAL_ENABLE_DEBUG_INFO = NO;
				SDKROOT = macosx;
			};
			name = Release;
		};
		1EF8977B193FE90800E47F03 /* Debug */ = {
			isa = XCBuildConfiguration;
			buildSettings = {
				CLANG_ENABLE_MODULES = YES;
				LD_RUNPATH_SEARCH_PATHS = "$(inherited) @executable_path/../Frameworks @loader_path/../Frameworks";
				MACOSX_DEPLOYMENT_TARGET = 10.9;
				PRODUCT_NAME = "$(TARGET_NAME)";
				SWIFT_OBJC_BRIDGING_HEADER = "SwiftCalc/SwiftCalc-Bridging-Header.h";
				SWIFT_OPTIMIZATION_LEVEL = "-Onone";
			};
			name = Debug;
		};
		1EF8977C193FE90800E47F03 /* Release */ = {
			isa = XCBuildConfiguration;
			buildSettings = {
				CLANG_ENABLE_MODULES = YES;
				LD_RUNPATH_SEARCH_PATHS = "$(inherited) @executable_path/../Frameworks @loader_path/../Frameworks";
				MACOSX_DEPLOYMENT_TARGET = 10.9;
				PRODUCT_NAME = "$(TARGET_NAME)";
				SWIFT_OBJC_BRIDGING_HEADER = "SwiftCalc/SwiftCalc-Bridging-Header.h";
			};
			name = Release;
		};
/* End XCBuildConfiguration section */

/* Begin XCConfigurationList section */
		1EF8976E193FE90800E47F03 /* Build configuration list for PBXProject "SwiftCalc" */ = {
			isa = XCConfigurationList;
			buildConfigurations = (
				1EF89778193FE90800E47F03 /* Debug */,
				1EF89779193FE90800E47F03 /* Release */,
			);
			defaultConfigurationIsVisible = 0;
			defaultConfigurationName = Release;
		};
		1EF8977A193FE90800E47F03 /* Build configuration list for PBXNativeTarget "SwiftCalc" */ = {
			isa = XCConfigurationList;
			buildConfigurations = (
				1EF8977B193FE90800E47F03 /* Debug */,
				1EF8977C193FE90800E47F03 /* Release */,
			);
			defaultConfigurationIsVisible = 0;
			defaultConfigurationName = Release;
		};
/* End XCConfigurationList section */
	};
	rootObject = 1EF8976B193FE90800E47F03 /* Project object */;
}
